
Microsoft Visual Studio Solution File, Format Version 12.00
# Visual Studio 15
VisualStudioVersion = 15.0.28307.271
MinimumVisualStudioVersion = 10.0.40219.1
Project("{FAE04EC0-301F-11D3-BF4B-00C04F79EFBC}") = "TurretControl", "TurretControl\TurretControl.csproj", "{21A12AAD-AA23-4BE9-A56E-AB0700480EA4}"
EndProject
Project("{FAE04EC0-301F-11D3-BF4B-00C04F79EFBC}") = "PrioritySerialCom", "PrioritySerialCom\PrioritySerialCom.csproj", "{AC06F67B-5574-4A71-8473-13BC5ABD5E9D}"
EndProject
Project("{FAE04EC0-301F-11D3-BF4B-00C04F79EFBC}") = "TurretLib", "TurretLib\TurretLib.csproj", "{FEC968C0-8966-4AEA-8CF7-9383E98C01C4}"
EndProject
Global
	GlobalSection(SolutionConfigurationPlatforms) = preSolution
		Debug|Any CPU = Debug|Any CPU
		Release|Any CPU = Release|Any CPU
	EndGlobalSection
	GlobalSection(ProjectConfigurationPlatforms) = postSolution
		{21A12AAD-AA23-4BE9-A56E-AB0700480EA4}.Debug|Any CPU.ActiveCfg = Debug|Any CPU
		{21A12AAD-AA23-4BE9-A56E-AB0700480EA4}.Debug|Any CPU.Build.0 = Debug|Any CPU
		{21A12AAD-AA23-4BE9-A56E-AB0700480EA4}.Release|Any CPU.ActiveCfg = Release|Any CPU
		{21A12AAD-AA23-4BE9-A56E-AB0700480EA4}.Release|Any CPU.Build.0 = Release|Any CPU
		{AC06F67B-5574-4A71-8473-13BC5ABD5E9D}.Debug|Any CPU.ActiveCfg = Debug|Any CPU
		{AC06F67B-5574-4A71-8473-13BC5ABD5E9D}.Debug|Any CPU.Build.0 = Debug|Any CPU
		{AC06F67B-5574-4A71-8473-13BC5ABD5E9D}.Release|Any CPU.ActiveCfg = Release|Any CPU
		{AC06F67B-5574-4A71-8473-13BC5ABD5E9D}.Release|Any CPU.Build.0 = Release|Any CPU
		{FEC968C0-8966-4AEA-8CF7-9383E98C01C4}.Debug|Any CPU.ActiveCfg = Debug|Any CPU
		{FEC968C0-8966-4AEA-8CF7-9383E98C01C4}.Debug|Any CPU.Build.0 = Debug|Any CPU
		{FEC968C0-8966-4AEA-8CF7-9383E98C01C4}.Release|Any CPU.ActiveCfg = Release|Any CPU
		{FEC968C0-8966-4AEA-8CF7-9383E98C01C4}.Release|Any CPU.Build.0 = Release|Any CPU
	EndGlobalSection
	GlobalSection(SolutionProperties) = preSolution
		HideSolutionNode = FALSE
	EndGlobalSection
	GlobalSection(ExtensibilityGlobals) = postSolution
		SolutionGuid = {22485CA3-7B2B-415B-B080-64E5D6D5DD93}
	EndGlobalSection
EndGlobal
